
Microsoft Visual Studio Solution File, Format Version 12.00
# Visual Studio Version 17
VisualStudioVersion = 17.4.33205.214
MinimumVisualStudioVersion = 10.0.40219.1
Project("{888888A0-9F3D-457C-B088-3A5042F75D52}") = "Kontrolltöö Kordused", "Kontrolltöö Kordused\Kontrolltöö Kordused.pyproj", "{AC5291C8-D0B9-4FD3-BAEB-39A14C9CF2CE}"
EndProject
Global
	GlobalSection(SolutionConfigurationPlatforms) = preSolution
		Debug|Any CPU = Debug|Any CPU
		Release|Any CPU = Release|Any CPU
	EndGlobalSection
	GlobalSection(ProjectConfigurationPlatforms) = postSolution
		{AC5291C8-D0B9-4FD3-BAEB-39A14C9CF2CE}.Debug|Any CPU.ActiveCfg = Debug|Any CPU
		{AC5291C8-D0B9-4FD3-BAEB-39A14C9CF2CE}.Release|Any CPU.ActiveCfg = Release|Any CPU
	EndGlobalSection
	GlobalSection(SolutionProperties) = preSolution
		HideSolutionNode = FALSE
	EndGlobalSection
	GlobalSection(ExtensibilityGlobals) = postSolution
		SolutionGuid = {1C55C8BB-1182-4591-B2C6-9F88775E3574}
	EndGlobalSection
EndGlobal
